<?xml version="1.0" encoding="utf-8"?>
<Project ToolsVersion="4.0" xmlns="http://schemas.microsoft.com/developer/msbuild/2003">
  <ItemGroup>
    <Filter Include="Исходные файлы">
      <UniqueIdentifier>{4FC737F1-C7A5-4376-A066-2A32D752A2FF}</UniqueIdentifier>
      <Extensions>cpp;c;cc;cxx;c++;cppm;ixx;def;odl;idl;hpj;bat;asm;asmx</Extensions>
    </Filter>
    <Filter Include="Файлы заголовков">
      <UniqueIdentifier>{93995380-89BD-4b04-88EB-625FBE52EBFB}</UniqueIdentifier>
      <Extensions>h;hh;hpp;hxx;h++;hm;inl;inc;ipp;xsd</Extensions>
    </Filter>
    <Filter Include="Файлы ресурсов">
      <UniqueIdentifier>{67DA6AB6-F800-4c08-8B7A-83BB121AAD01}</UniqueIdentifier>
      <Extensions>rc;ico;cur;bmp;dlg;rc2;rct;bin;rgs;gif;jpg;jpeg;jpe;resx;tiff;tif;png;wav;mfcribbon-ms</Extensions>
    </Filter>
    <Filter Include="core">
      <UniqueIdentifier>{8BC9CEB8-8B4A-11D0-8D11-00A0C91BC942}</UniqueIdentifier>
    </Filter>
    <Filter Include="memory">
      <UniqueIdentifier>{8BC9CEB9-8B4A-11D0-8D11-00A0C91BC942}</UniqueIdentifier>
    </Filter>
    <Filter Include="config">
      <UniqueIdentifier>{8BC9CEBA-8B4A-11D0-8D11-00A0C91BC942}</UniqueIdentifier>
    </Filter>
    <Filter Include="hooks">
      <UniqueIdentifier>{8BC9CEBB-8B4A-11D0-8D11-00A0C91BC942}</UniqueIdentifier>
    </Filter>
  </ItemGroup>
  <ItemGroup>
    <None Include="cpp.hint" />
  </ItemGroup>
  <ItemGroup>
    <ClInclude Include="framework.h">
      <Filter>Файлы заголовков</Filter>
    </ClInclude>
    <ClInclude Include="OXRANALOUATABACLIENT.h">
      <Filter>Файлы заголовков</Filter>
    </ClInclude>
    <ClInclude Include="pch.h">
      <Filter>Файлы заголовков</Filter>
    </ClInclude>
    <ClInclude Include="resource.h">
      <Filter>Файлы заголовков</Filter>
    </ClInclude>
    <ClInclude Include="core\core_types.hpp">
      <Filter>core</Filter>
    </ClInclude>
    <ClInclude Include="memory\memory_utils.hpp">
      <Filter>memory</Filter>
    </ClInclude>
    <ClInclude Include="memory\memory_client.hpp">
      <Filter>memory</Filter>
    </ClInclude>
    <ClInclude Include="memory\memory_offsets.hpp">
      <Filter>memory</Filter>
    </ClInclude>
    <ClInclude Include="config\config_vars.hpp">
      <Filter>config</Filter>
    </ClInclude>
    <ClInclude Include="config\config_manager.hpp">
      <Filter>config</Filter>
    </ClInclude>
    <ClInclude Include="hooks\hooks_manager.hpp">
      <Filter>hooks</Filter>
    </ClInclude>
  </ItemGroup>
  <ItemGroup>
    <ClCompile Include="cs2_internal_dll.cpp">
      <Filter>Исходные файлы</Filter>
    </ClCompile>
    <ClCompile Include="memory\memory_utils.cpp">
      <Filter>memory</Filter>
    </ClCompile>
    <ClCompile Include="memory\memory_client.cpp">
      <Filter>memory</Filter>
    </ClCompile>
    <ClCompile Include="memory\memory_offsets.cpp">
      <Filter>memory</Filter>
    </ClCompile>
    <ClCompile Include="config\config_vars.cpp">
      <Filter>config</Filter>
    </ClCompile>
    <ClCompile Include="config\config_manager.cpp">
      <Filter>config</Filter>
    </ClCompile>
    <ClCompile Include="hooks\hooks_manager.cpp">
      <Filter>hooks</Filter>
    </ClCompile>
  </ItemGroup>
</Project>